{
  "name": "memact-context",
  "version": "0.0.0",
  "lockfileVersion": 3,
  "requires": true,
  "packages": {
    "": {
      "name": "memact-context",
      "version": "0.0.0",
      "license": "SEE LICENSE IN LICENSE",
      "bin": {
        "memact-context": "src/cli.mjs",
        "memact-schema": "src/cli.mjs"
      },
      "engines": {
        "node": ">=24"
      }
    }
  }
}
